
Microsoft Visual Studio Solution File, Format Version 12.00
# Visual Studio Version 16
VisualStudioVersion = 16.0.31624.102
MinimumVisualStudioVersion = 10.0.40219.1
Project("{FAE04EC0-301F-11D3-BF4B-00C04F79EFBC}") = "News_Portal", "News_Portal.csproj", "{E2BDD9F2-09F4-4340-8FCD-E70C5CC809E8}"
EndProject
Project("{FAE04EC0-301F-11D3-BF4B-00C04F79EFBC}") = "DataAccessLayer", "DataAccessLayer\DataAccessLayer.csproj", "{220830E2-92B8-481C-B916-75D2E1D497DF}"
EndProject
Project("{FAE04EC0-301F-11D3-BF4B-00C04F79EFBC}") = "BusinessLogicLayer", "BusinessLogicLayer\BusinessLogicLayer.csproj", "{DCA49CA8-F662-4D66-BE21-5C0AA8DA3248}"
EndProject
Project("{FAE04EC0-301F-11D3-BF4B-00C04F79EFBC}") = "BusinessEntityLayer", "BusinessEntityLayer\BusinessEntityLayer.csproj", "{55ED6E16-FBCE-4F9D-8F0C-593B162FB419}"
EndProject
Global
	GlobalSection(SolutionConfigurationPlatforms) = preSolution
		Debug|Any CPU = Debug|Any CPU
		Release|Any CPU = Release|Any CPU
	EndGlobalSection
	GlobalSection(ProjectConfigurationPlatforms) = postSolution
		{E2BDD9F2-09F4-4340-8FCD-E70C5CC809E8}.Debug|Any CPU.ActiveCfg = Debug|Any CPU
		{E2BDD9F2-09F4-4340-8FCD-E70C5CC809E8}.Debug|Any CPU.Build.0 = Debug|Any CPU
		{E2BDD9F2-09F4-4340-8FCD-E70C5CC809E8}.Release|Any CPU.ActiveCfg = Release|Any CPU
		{E2BDD9F2-09F4-4340-8FCD-E70C5CC809E8}.Release|Any CPU.Build.0 = Release|Any CPU
		{220830E2-92B8-481C-B916-75D2E1D497DF}.Debug|Any CPU.ActiveCfg = Debug|Any CPU
		{220830E2-92B8-481C-B916-75D2E1D497DF}.Debug|Any CPU.Build.0 = Debug|Any CPU
		{220830E2-92B8-481C-B916-75D2E1D497DF}.Release|Any CPU.ActiveCfg = Release|Any CPU
		{220830E2-92B8-481C-B916-75D2E1D497DF}.Release|Any CPU.Build.0 = Release|Any CPU
		{DCA49CA8-F662-4D66-BE21-5C0AA8DA3248}.Debug|Any CPU.ActiveCfg = Debug|Any CPU
		{DCA49CA8-F662-4D66-BE21-5C0AA8DA3248}.Debug|Any CPU.Build.0 = Debug|Any CPU
		{DCA49CA8-F662-4D66-BE21-5C0AA8DA3248}.Release|Any CPU.ActiveCfg = Release|Any CPU
		{DCA49CA8-F662-4D66-BE21-5C0AA8DA3248}.Release|Any CPU.Build.0 = Release|Any CPU
		{55ED6E16-FBCE-4F9D-8F0C-593B162FB419}.Debug|Any CPU.ActiveCfg = Debug|Any CPU
		{55ED6E16-FBCE-4F9D-8F0C-593B162FB419}.Debug|Any CPU.Build.0 = Debug|Any CPU
		{55ED6E16-FBCE-4F9D-8F0C-593B162FB419}.Release|Any CPU.ActiveCfg = Release|Any CPU
		{55ED6E16-FBCE-4F9D-8F0C-593B162FB419}.Release|Any CPU.Build.0 = Release|Any CPU
	EndGlobalSection
	GlobalSection(SolutionProperties) = preSolution
		HideSolutionNode = FALSE
	EndGlobalSection
	GlobalSection(ExtensibilityGlobals) = postSolution
		SolutionGuid = {246A2A34-B504-4DFB-AFB5-F247B0C8C9EA}
	EndGlobalSection
EndGlobal
